
Microsoft Visual Studio Solution File, Format Version 12.00
# Visual Studio 15
VisualStudioVersion = 15.0.27130.2036
MinimumVisualStudioVersion = 10.0.40219.1
Project("{2150E333-8FDC-42A3-9474-1A3956D46DE8}") = "Android1", "Android1", "{D7F3FCE5-BFA1-4AA9-BAED-87BFD59C298D}"
EndProject
Project("{39E2626F-3545-4960-A6E8-258AD8476CE5}") = "Android1.Packaging", "Android1\Android1.Packaging\Android1.Packaging.androidproj", "{7AD1F0C6-0F59-4B0B-BD4B-D48095F32EF3}"
EndProject
Project("{8BC9CEB8-8B4A-11D0-8D11-00A0C91BC942}") = "Android1.NativeActivity", "Android1\Android1.NativeActivity\Android1.NativeActivity.vcxproj", "{305735B9-34F2-474B-A44B-A3BB0F01582D}"
EndProject
Global
	GlobalSection(SolutionConfigurationPlatforms) = preSolution
		Debug|ARM = Debug|ARM
		Debug|ARM64 = Debug|ARM64
		Debug|x64 = Debug|x64
		Debug|x86 = Debug|x86
		Release|ARM = Release|ARM
		Release|ARM64 = Release|ARM64
		Release|x64 = Release|x64
		Release|x86 = Release|x86
	EndGlobalSection
	GlobalSection(ProjectConfigurationPlatforms) = postSolution
		{7AD1F0C6-0F59-4B0B-BD4B-D48095F32EF3}.Debug|ARM.ActiveCfg = Debug|ARM
		{7AD1F0C6-0F59-4B0B-BD4B-D48095F32EF3}.Debug|ARM.Build.0 = Debug|ARM
		{7AD1F0C6-0F59-4B0B-BD4B-D48095F32EF3}.Debug|ARM.Deploy.0 = Debug|ARM
		{7AD1F0C6-0F59-4B0B-BD4B-D48095F32EF3}.Debug|ARM64.ActiveCfg = Debug|ARM64
		{7AD1F0C6-0F59-4B0B-BD4B-D48095F32EF3}.Debug|ARM64.Build.0 = Debug|ARM64
		{7AD1F0C6-0F59-4B0B-BD4B-D48095F32EF3}.Debug|ARM64.Deploy.0 = Debug|ARM64
		{7AD1F0C6-0F59-4B0B-BD4B-D48095F32EF3}.Debug|x64.ActiveCfg = Debug|x64
		{7AD1F0C6-0F59-4B0B-BD4B-D48095F32EF3}.Debug|x64.Build.0 = Debug|x64
		{7AD1F0C6-0F59-4B0B-BD4B-D48095F32EF3}.Debug|x64.Deploy.0 = Debug|x64
		{7AD1F0C6-0F59-4B0B-BD4B-D48095F32EF3}.Debug|x86.ActiveCfg = Debug|x86
		{7AD1F0C6-0F59-4B0B-BD4B-D48095F32EF3}.Debug|x86.Build.0 = Debug|x86
		{7AD1F0C6-0F59-4B0B-BD4B-D48095F32EF3}.Debug|x86.Deploy.0 = Debug|x86
		{7AD1F0C6-0F59-4B0B-BD4B-D48095F32EF3}.Release|ARM.ActiveCfg = Release|ARM
		{7AD1F0C6-0F59-4B0B-BD4B-D48095F32EF3}.Release|ARM.Build.0 = Release|ARM
		{7AD1F0C6-0F59-4B0B-BD4B-D48095F32EF3}.Release|ARM.Deploy.0 = Release|ARM
		{7AD1F0C6-0F59-4B0B-BD4B-D48095F32EF3}.Release|ARM64.ActiveCfg = Release|ARM64
		{7AD1F0C6-0F59-4B0B-BD4B-D48095F32EF3}.Release|ARM64.Build.0 = Release|ARM64
		{7AD1F0C6-0F59-4B0B-BD4B-D48095F32EF3}.Release|ARM64.Deploy.0 = Release|ARM64
		{7AD1F0C6-0F59-4B0B-BD4B-D48095F32EF3}.Release|x64.ActiveCfg = Release|x64
		{7AD1F0C6-0F59-4B0B-BD4B-D48095F32EF3}.Release|x64.Build.0 = Release|x64
		{7AD1F0C6-0F59-4B0B-BD4B-D48095F32EF3}.Release|x64.Deploy.0 = Release|x64
		{7AD1F0C6-0F59-4B0B-BD4B-D48095F32EF3}.Release|x86.ActiveCfg = Release|x86
		{7AD1F0C6-0F59-4B0B-BD4B-D48095F32EF3}.Release|x86.Build.0 = Release|x86
		{7AD1F0C6-0F59-4B0B-BD4B-D48095F32EF3}.Release|x86.Deploy.0 = Release|x86
		{305735B9-34F2-474B-A44B-A3BB0F01582D}.Debug|ARM.ActiveCfg = Debug|ARM
		{305735B9-34F2-474B-A44B-A3BB0F01582D}.Debug|ARM.Build.0 = Debug|ARM
		{305735B9-34F2-474B-A44B-A3BB0F01582D}.Debug|ARM64.ActiveCfg = Debug|ARM64
		{305735B9-34F2-474B-A44B-A3BB0F01582D}.Debug|ARM64.Build.0 = Debug|ARM64
		{305735B9-34F2-474B-A44B-A3BB0F01582D}.Debug|x64.ActiveCfg = Debug|x64
		{305735B9-34F2-474B-A44B-A3BB0F01582D}.Debug|x64.Build.0 = Debug|x64
		{305735B9-34F2-474B-A44B-A3BB0F01582D}.Debug|x86.ActiveCfg = Debug|x86
		{305735B9-34F2-474B-A44B-A3BB0F01582D}.Debug|x86.Build.0 = Debug|x86
		{305735B9-34F2-474B-A44B-A3BB0F01582D}.Release|ARM.ActiveCfg = Release|ARM
		{305735B9-34F2-474B-A44B-A3BB0F01582D}.Release|ARM.Build.0 = Release|ARM
		{305735B9-34F2-474B-A44B-A3BB0F01582D}.Release|ARM64.ActiveCfg = Release|ARM64
		{305735B9-34F2-474B-A44B-A3BB0F01582D}.Release|ARM64.Build.0 = Release|ARM64
		{305735B9-34F2-474B-A44B-A3BB0F01582D}.Release|x64.ActiveCfg = Release|x64
		{305735B9-34F2-474B-A44B-A3BB0F01582D}.Release|x64.Build.0 = Release|x64
		{305735B9-34F2-474B-A44B-A3BB0F01582D}.Release|x86.ActiveCfg = Release|x86
		{305735B9-34F2-474B-A44B-A3BB0F01582D}.Release|x86.Build.0 = Release|x86
	EndGlobalSection
	GlobalSection(SolutionProperties) = preSolution
		HideSolutionNode = FALSE
	EndGlobalSection
	GlobalSection(NestedProjects) = preSolution
		{7AD1F0C6-0F59-4B0B-BD4B-D48095F32EF3} = {D7F3FCE5-BFA1-4AA9-BAED-87BFD59C298D}
		{305735B9-34F2-474B-A44B-A3BB0F01582D} = {D7F3FCE5-BFA1-4AA9-BAED-87BFD59C298D}
	EndGlobalSection
	GlobalSection(ExtensibilityGlobals) = postSolution
		SolutionGuid = {14CBBBBF-8960-4FB2-99FD-547D90751CE1}
	EndGlobalSection
EndGlobal
